// !$*UTF8*$!
{
	archiveVersion = 1;
	classes = {
	};
	objectVersion = 55;
	objects = {

/* Begin PBXBuildFile section */
		ED0AC2E528C2B8EA00FCC2EE /* movies.json in Resources */ = {isa = PBXBuildFile; fileRef = ED0AC2E428C2B8EA00FCC2EE /* movies.json */; };
		ED0AC2F028C2C73600FCC2EE /* MoviesTableViewController.swift in Sources */ = {isa = PBXBuildFile; fileRef = ED0AC2EF28C2C73600FCC2EE /* MoviesTableViewController.swift */; };
		ED0AC2F328C2E3E700FCC2EE /* MovieTableViewCell.swift in Sources */ = {isa = PBXBuildFile; fileRef = ED0AC2F228C2E3E700FCC2EE /* MovieTableViewCell.swift */; };
		ED0AC2F628C2E6AE00FCC2EE /* Movie+Various.swift in Sources */ = {isa = PBXBuildFile; fileRef = ED0AC2F528C2E6AE00FCC2EE /* Movie+Various.swift */; };
		ED41C1A728BEC409004FB468 /* AppDelegate.swift in Sources */ = {isa = PBXBuildFile; fileRef = ED41C1A628BEC409004FB468 /* AppDelegate.swift */; };
		ED41C1A928BEC409004FB468 /* SceneDelegate.swift in Sources */ = {isa = PBXBuildFile; fileRef = ED41C1A828BEC409004FB468 /* SceneDelegate.swift */; };
		ED41C1AB28BEC409004FB468 /* MovieViewController.swift in Sources */ = {isa = PBXBuildFile; fileRef = ED41C1AA28BEC409004FB468 /* MovieViewController.swift */; };
		ED41C1AE28BEC409004FB468 /* Main.storyboard in Resources */ = {isa = PBXBuildFile; fileRef = ED41C1AC28BEC409004FB468 /* Main.storyboard */; };
		ED41C1B028BEC40A004FB468 /* Assets.xcassets in Resources */ = {isa = PBXBuildFile; fileRef = ED41C1AF28BEC40A004FB468 /* Assets.xcassets */; };
		ED41C1B328BEC40A004FB468 /* LaunchScreen.storyboard in Resources */ = {isa = PBXBuildFile; fileRef = ED41C1B128BEC40A004FB468 /* LaunchScreen.storyboard */; };
		ED82256328CAAA2000E11E9C /* MovieFormViewController.swift in Sources */ = {isa = PBXBuildFile; fileRef = ED82256228CAAA2000E11E9C /* MovieFormViewController.swift */; };
		ED82256528CAAA3E00E11E9C /* CategoriesTableViewController.swift in Sources */ = {isa = PBXBuildFile; fileRef = ED82256428CAAA3E00E11E9C /* CategoriesTableViewController.swift */; };
		ED82256828CAAD5000E11E9C /* MoviesLib.xcdatamodeld in Sources */ = {isa = PBXBuildFile; fileRef = ED82256628CAAD5000E11E9C /* MoviesLib.xcdatamodeld */; };
		ED82256A28CABA3300E11E9C /* ViewController+Context.swift in Sources */ = {isa = PBXBuildFile; fileRef = ED82256928CABA3300E11E9C /* ViewController+Context.swift */; };
/* End PBXBuildFile section */

/* Begin PBXFileReference section */
		ED0AC2E428C2B8EA00FCC2EE /* movies.json */ = {isa = PBXFileReference; fileEncoding = 4; lastKnownFileType = text.json; path = movies.json; sourceTree = "<group>"; };
		ED0AC2EF28C2C73600FCC2EE /* MoviesTableViewController.swift */ = {isa = PBXFileReference; lastKnownFileType = sourcecode.swift; path = MoviesTableViewController.swift; sourceTree = "<group>"; };
		ED0AC2F228C2E3E700FCC2EE /* MovieTableViewCell.swift */ = {isa = PBXFileReference; lastKnownFileType = sourcecode.swift; path = MovieTableViewCell.swift; sourceTree = "<group>"; };
		ED0AC2F528C2E6AE00FCC2EE /* Movie+Various.swift */ = {isa = PBXFileReference; lastKnownFileType = sourcecode.swift; path = "Movie+Various.swift"; sourceTree = "<group>"; };
		ED41C1A328BEC409004FB468 /* MoviesLib.app */ = {isa = PBXFileReference; explicitFileType = wrapper.application; includeInIndex = 0; path = MoviesLib.app; sourceTree = BUILT_PRODUCTS_DIR; };
		ED41C1A628BEC409004FB468 /* AppDelegate.swift */ = {isa = PBXFileReference; lastKnownFileType = sourcecode.swift; path = AppDelegate.swift; sourceTree = "<group>"; };
		ED41C1A828BEC409004FB468 /* SceneDelegate.swift */ = {isa = PBXFileReference; lastKnownFileType = sourcecode.swift; path = SceneDelegate.swift; sourceTree = "<group>"; };
		ED41C1AA28BEC409004FB468 /* MovieViewController.swift */ = {isa = PBXFileReference; lastKnownFileType = sourcecode.swift; path = MovieViewController.swift; sourceTree = "<group>"; };
		ED41C1AD28BEC409004FB468 /* Base */ = {isa = PBXFileReference; lastKnownFileType = file.storyboard; name = Base; path = Base.lproj/Main.storyboard; sourceTree = "<group>"; };
		ED41C1AF28BEC40A004FB468 /* Assets.xcassets */ = {isa = PBXFileReference; lastKnownFileType = folder.assetcatalog; path = Assets.xcassets; sourceTree = "<group>"; };
		ED41C1B228BEC40A004FB468 /* Base */ = {isa = PBXFileReference; lastKnownFileType = file.storyboard; name = Base; path = Base.lproj/LaunchScreen.storyboard; sourceTree = "<group>"; };
		ED41C1B428BEC40A004FB468 /* Info.plist */ = {isa = PBXFileReference; lastKnownFileType = text.plist.xml; path = Info.plist; sourceTree = "<group>"; };
		ED82256228CAAA2000E11E9C /* MovieFormViewController.swift */ = {isa = PBXFileReference; lastKnownFileType = sourcecode.swift; path = MovieFormViewController.swift; sourceTree = "<group>"; };
		ED82256428CAAA3E00E11E9C /* CategoriesTableViewController.swift */ = {isa = PBXFileReference; lastKnownFileType = sourcecode.swift; path = CategoriesTableViewController.swift; sourceTree = "<group>"; };
		ED82256728CAAD5000E11E9C /* MoviesLib.xcdatamodel */ = {isa = PBXFileReference; lastKnownFileType = wrapper.xcdatamodel; path = MoviesLib.xcdatamodel; sourceTree = "<group>"; };
		ED82256928CABA3300E11E9C /* ViewController+Context.swift */ = {isa = PBXFileReference; lastKnownFileType = sourcecode.swift; path = "ViewController+Context.swift"; sourceTree = "<group>"; };
/* End PBXFileReference section */

/* Begin PBXFrameworksBuildPhase section */
		ED41C1A028BEC409004FB468 /* Frameworks */ = {
			isa = PBXFrameworksBuildPhase;
			buildActionMask = 2147483647;
			files = (
			);
			runOnlyForDeploymentPostprocessing = 0;
		};
/* End PBXFrameworksBuildPhase section */

/* Begin PBXGroup section */
		ED0AC2E628C2B95900FCC2EE /* Files */ = {
			isa = PBXGroup;
			children = (
				ED0AC2E428C2B8EA00FCC2EE /* movies.json */,
				ED82256628CAAD5000E11E9C /* MoviesLib.xcdatamodeld */,
			);
			path = Files;
			sourceTree = "<group>";
		};
		ED0AC2E728C2B98C00FCC2EE /* MovieVisualization */ = {
			isa = PBXGroup;
			children = (
				ED0AC2E828C2B9A600FCC2EE /* Controller */,
			);
			path = MovieVisualization;
			sourceTree = "<group>";
		};
		ED0AC2E828C2B9A600FCC2EE /* Controller */ = {
			isa = PBXGroup;
			children = (
				ED41C1AA28BEC409004FB468 /* MovieViewController.swift */,
			);
			path = Controller;
			sourceTree = "<group>";
		};
		ED0AC2E928C2BA9700FCC2EE /* Shared */ = {
			isa = PBXGroup;
			children = (
				ED0AC2F428C2E66500FCC2EE /* Extension */,
				ED0AC2EA28C2BAB500FCC2EE /* Model */,
			);
			path = Shared;
			sourceTree = "<group>";
		};
		ED0AC2EA28C2BAB500FCC2EE /* Model */ = {
			isa = PBXGroup;
			children = (
			);
			path = Model;
			sourceTree = "<group>";
		};
		ED0AC2ED28C2C64000FCC2EE /* MovieListing */ = {
			isa = PBXGroup;
			children = (
				ED0AC2F128C2E3B900FCC2EE /* View */,
				ED0AC2EE28C2C64D00FCC2EE /* Controller */,
			);
			path = MovieListing;
			sourceTree = "<group>";
		};
		ED0AC2EE28C2C64D00FCC2EE /* Controller */ = {
			isa = PBXGroup;
			children = (
				ED0AC2EF28C2C73600FCC2EE /* MoviesTableViewController.swift */,
			);
			path = Controller;
			sourceTree = "<group>";
		};
		ED0AC2F128C2E3B900FCC2EE /* View */ = {
			isa = PBXGroup;
			children = (
				ED0AC2F228C2E3E700FCC2EE /* MovieTableViewCell.swift */,
			);
			path = View;
			sourceTree = "<group>";
		};
		ED0AC2F428C2E66500FCC2EE /* Extension */ = {
			isa = PBXGroup;
			children = (
				ED0AC2F528C2E6AE00FCC2EE /* Movie+Various.swift */,
				ED82256928CABA3300E11E9C /* ViewController+Context.swift */,
			);
			path = Extension;
			sourceTree = "<group>";
		};
		ED41C19A28BEC409004FB468 = {
			isa = PBXGroup;
			children = (
				ED41C1A528BEC409004FB468 /* MoviesLib */,
				ED41C1A428BEC409004FB468 /* Products */,
			);
			sourceTree = "<group>";
		};
		ED41C1A428BEC409004FB468 /* Products */ = {
			isa = PBXGroup;
			children = (
				ED41C1A328BEC409004FB468 /* MoviesLib.app */,
			);
			name = Products;
			sourceTree = "<group>";
		};
		ED41C1A528BEC409004FB468 /* MoviesLib */ = {
			isa = PBXGroup;
			children = (
				ED41C1A628BEC409004FB468 /* AppDelegate.swift */,
				ED41C1A828BEC409004FB468 /* SceneDelegate.swift */,
				ED0AC2ED28C2C64000FCC2EE /* MovieListing */,
				ED0AC2E728C2B98C00FCC2EE /* MovieVisualization */,
				ED82255E28CAA8F000E11E9C /* MovieForm */,
				ED82256028CAA90F00E11E9C /* Categories */,
				ED0AC2E628C2B95900FCC2EE /* Files */,
				ED0AC2E928C2BA9700FCC2EE /* Shared */,
				ED41C1B428BEC40A004FB468 /* Info.plist */,
				ED41C1B128BEC40A004FB468 /* LaunchScreen.storyboard */,
				ED41C1AC28BEC409004FB468 /* Main.storyboard */,
				ED41C1AF28BEC40A004FB468 /* Assets.xcassets */,
			);
			path = MoviesLib;
			sourceTree = "<group>";
		};
		ED82255E28CAA8F000E11E9C /* MovieForm */ = {
			isa = PBXGroup;
			children = (
				ED82255F28CAA90200E11E9C /* Controller */,
			);
			path = MovieForm;
			sourceTree = "<group>";
		};
		ED82255F28CAA90200E11E9C /* Controller */ = {
			isa = PBXGroup;
			children = (
				ED82256228CAAA2000E11E9C /* MovieFormViewController.swift */,
			);
			path = Controller;
			sourceTree = "<group>";
		};
		ED82256028CAA90F00E11E9C /* Categories */ = {
			isa = PBXGroup;
			children = (
				ED82256128CAA93100E11E9C /* Controller */,
			);
			path = Categories;
			sourceTree = "<group>";
		};
		ED82256128CAA93100E11E9C /* Controller */ = {
			isa = PBXGroup;
			children = (
				ED82256428CAAA3E00E11E9C /* CategoriesTableViewController.swift */,
			);
			path = Controller;
			sourceTree = "<group>";
		};
/* End PBXGroup section */

/* Begin PBXNativeTarget section */
		ED41C1A228BEC409004FB468 /* MoviesLib */ = {
			isa = PBXNativeTarget;
			buildConfigurationList = ED41C1B728BEC40A004FB468 /* Build configuration list for PBXNativeTarget "MoviesLib" */;
			buildPhases = (
				ED41C19F28BEC409004FB468 /* Sources */,
				ED41C1A028BEC409004FB468 /* Frameworks */,
				ED41C1A128BEC409004FB468 /* Resources */,
			);
			buildRules = (
			);
			dependencies = (
			);
			name = MoviesLib;
			productName = MoviesLib;
			productReference = ED41C1A328BEC409004FB468 /* MoviesLib.app */;
			productType = "com.apple.product-type.application";
		};
/* End PBXNativeTarget section */

/* Begin PBXProject section */
		ED41C19B28BEC409004FB468 /* Project object */ = {
			isa = PBXProject;
			attributes = {
				BuildIndependentTargetsInParallel = 1;
				LastSwiftUpdateCheck = 1340;
				LastUpgradeCheck = 1340;
				TargetAttributes = {
					ED41C1A228BEC409004FB468 = {
						CreatedOnToolsVersion = 13.4.1;
					};
				};
			};
			buildConfigurationList = ED41C19E28BEC409004FB468 /* Build configuration list for PBXProject "MoviesLib" */;
			compatibilityVersion = "Xcode 13.0";
			developmentRegion = en;
			hasScannedForEncodings = 0;
			knownRegions = (
				en,
				Base,
			);
			mainGroup = ED41C19A28BEC409004FB468;
			productRefGroup = ED41C1A428BEC409004FB468 /* Products */;
			projectDirPath = "";
			projectRoot = "";
			targets = (
				ED41C1A228BEC409004FB468 /* MoviesLib */,
			);
		};
/* End PBXProject section */

/* Begin PBXResourcesBuildPhase section */
		ED41C1A128BEC409004FB468 /* Resources */ = {
			isa = PBXResourcesBuildPhase;
			buildActionMask = 2147483647;
			files = (
				ED41C1B328BEC40A004FB468 /* LaunchScreen.storyboard in Resources */,
				ED41C1B028BEC40A004FB468 /* Assets.xcassets in Resources */,
				ED0AC2E528C2B8EA00FCC2EE /* movies.json in Resources */,
				ED41C1AE28BEC409004FB468 /* Main.storyboard in Resources */,
			);
			runOnlyForDeploymentPostprocessing = 0;
		};
/* End PBXResourcesBuildPhase section */

/* Begin PBXSourcesBuildPhase section */
		ED41C19F28BEC409004FB468 /* Sources */ = {
			isa = PBXSourcesBuildPhase;
			buildActionMask = 2147483647;
			files = (
				ED41C1AB28BEC409004FB468 /* MovieViewController.swift in Sources */,
				ED41C1A728BEC409004FB468 /* AppDelegate.swift in Sources */,
				ED0AC2F328C2E3E700FCC2EE /* MovieTableViewCell.swift in Sources */,
				ED82256328CAAA2000E11E9C /* MovieFormViewController.swift in Sources */,
				ED0AC2F628C2E6AE00FCC2EE /* Movie+Various.swift in Sources */,
				ED82256528CAAA3E00E11E9C /* CategoriesTableViewController.swift in Sources */,
				ED82256A28CABA3300E11E9C /* ViewController+Context.swift in Sources */,
				ED0AC2F028C2C73600FCC2EE /* MoviesTableViewController.swift in Sources */,
				ED82256828CAAD5000E11E9C /* MoviesLib.xcdatamodeld in Sources */,
				ED41C1A928BEC409004FB468 /* SceneDelegate.swift in Sources */,
			);
			runOnlyForDeploymentPostprocessing = 0;
		};
/* End PBXSourcesBuildPhase section */

/* Begin PBXVariantGroup section */
		ED41C1AC28BEC409004FB468 /* Main.storyboard */ = {
			isa = PBXVariantGroup;
			children = (
				ED41C1AD28BEC409004FB468 /* Base */,
			);
			name = Main.storyboard;
			sourceTree = "<group>";
		};
		ED41C1B128BEC40A004FB468 /* LaunchScreen.storyboard */ = {
			isa = PBXVariantGroup;
			children = (
				ED41C1B228BEC40A004FB468 /* Base */,
			);
			name = LaunchScreen.storyboard;
			sourceTree = "<group>";
		};
/* End PBXVariantGroup section */

/* Begin XCBuildConfiguration section */
		ED41C1B528BEC40A004FB468 /* Debug */ = {
			isa = XCBuildConfiguration;
			buildSettings = {
				ALWAYS_SEARCH_USER_PATHS = NO;
				CLANG_ANALYZER_NONNULL = YES;
				CLANG_ANALYZER_NUMBER_OBJECT_CONVERSION = YES_AGGRESSIVE;
				CLANG_CXX_LANGUAGE_STANDARD = "gnu++17";
				CLANG_ENABLE_MODULES = YES;
				CLANG_ENABLE_OBJC_ARC = YES;
				CLANG_ENABLE_OBJC_WEAK = YES;
				CLANG_WARN_BLOCK_CAPTURE_AUTORELEASING = YES;
				CLANG_WARN_BOOL_CONVERSION = YES;
				CLANG_WARN_COMMA = YES;
				CLANG_WARN_CONSTANT_CONVERSION = YES;
				CLANG_WARN_DEPRECATED_OBJC_IMPLEMENTATIONS = YES;
				CLANG_WARN_DIRECT_OBJC_ISA_USAGE = YES_ERROR;
				CLANG_WARN_DOCUMENTATION_COMMENTS = YES;
				CLANG_WARN_EMPTY_BODY = YES;
				CLANG_WARN_ENUM_CONVERSION = YES;
				CLANG_WARN_INFINITE_RECURSION = YES;
				CLANG_WARN_INT_CONVERSION = YES;
				CLANG_WARN_NON_LITERAL_NULL_CONVERSION = YES;
				CLANG_WARN_OBJC_IMPLICIT_RETAIN_SELF = YES;
				CLANG_WARN_OBJC_LITERAL_CONVERSION = YES;
				CLANG_WARN_OBJC_ROOT_CLASS = YES_ERROR;
				CLANG_WARN_QUOTED_INCLUDE_IN_FRAMEWORK_HEADER = YES;
				CLANG_WARN_RANGE_LOOP_ANALYSIS = YES;
				CLANG_WARN_STRICT_PROTOTYPES = YES;
				CLANG_WARN_SUSPICIOUS_MOVE = YES;
				CLANG_WARN_UNGUARDED_AVAILABILITY = YES_AGGRESSIVE;
				CLANG_WARN_UNREACHABLE_CODE = YES;
				CLANG_WARN__DUPLICATE_METHOD_MATCH = YES;
				COPY_PHASE_STRIP = NO;
				DEBUG_INFORMATION_FORMAT = dwarf;
				ENABLE_STRICT_OBJC_MSGSEND = YES;
				ENABLE_TESTABILITY = YES;
				GCC_C_LANGUAGE_STANDARD = gnu11;
				GCC_DYNAMIC_NO_PIC = NO;
				GCC_NO_COMMON_BLOCKS = YES;
				GCC_OPTIMIZATION_LEVEL = 0;
				GCC_PREPROCESSOR_DEFINITIONS = (
					"DEBUG=1",
					"$(inherited)",
				);
				GCC_WARN_64_TO_32_BIT_CONVERSION = YES;
				GCC_WARN_ABOUT_RETURN_TYPE = YES_ERROR;
				GCC_WARN_UNDECLARED_SELECTOR = YES;
				GCC_WARN_UNINITIALIZED_AUTOS = YES_AGGRESSIVE;
				GCC_WARN_UNUSED_FUNCTION = YES;
				GCC_WARN_UNUSED_VARIABLE = YES;
				IPHONEOS_DEPLOYMENT_TARGET = 15.5;
				MTL_ENABLE_DEBUG_INFO = INCLUDE_SOURCE;
				MTL_FAST_MATH = YES;
				ONLY_ACTIVE_ARCH = YES;
				SDKROOT = iphoneos;
				SWIFT_ACTIVE_COMPILATION_CONDITIONS = DEBUG;
				SWIFT_OPTIMIZATION_LEVEL = "-Onone";
			};
			name = Debug;
		};
		ED41C1B628BEC40A004FB468 /* Release */ = {
			isa = XCBuildConfiguration;
			buildSettings = {
				ALWAYS_SEARCH_USER_PATHS = NO;
				CLANG_ANALYZER_NONNULL = YES;
				CLANG_ANALYZER_NUMBER_OBJECT_CONVERSION = YES_AGGRESSIVE;
				CLANG_CXX_LANGUAGE_STANDARD = "gnu++17";
				CLANG_ENABLE_MODULES = YES;
				CLANG_ENABLE_OBJC_ARC = YES;
				CLANG_ENABLE_OBJC_WEAK = YES;
				CLANG_WARN_BLOCK_CAPTURE_AUTORELEASING = YES;
				CLANG_WARN_BOOL_CONVERSION = YES;
				CLANG_WARN_COMMA = YES;
				CLANG_WARN_CONSTANT_CONVERSION = YES;
				CLANG_WARN_DEPRECATED_OBJC_IMPLEMENTATIONS = YES;
				CLANG_WARN_DIRECT_OBJC_ISA_USAGE = YES_ERROR;
				CLANG_WARN_DOCUMENTATION_COMMENTS = YES;
				CLANG_WARN_EMPTY_BODY = YES;
				CLANG_WARN_ENUM_CONVERSION = YES;
				CLANG_WARN_INFINITE_RECURSION = YES;
				CLANG_WARN_INT_CONVERSION = YES;
				CLANG_WARN_NON_LITERAL_NULL_CONVERSION = YES;
				CLANG_WARN_OBJC_IMPLICIT_RETAIN_SELF = YES;
				CLANG_WARN_OBJC_LITERAL_CONVERSION = YES;
				CLANG_WARN_OBJC_ROOT_CLASS = YES_ERROR;
				CLANG_WARN_QUOTED_INCLUDE_IN_FRAMEWORK_HEADER = YES;
				CLANG_WARN_RANGE_LOOP_ANALYSIS = YES;
				CLANG_WARN_STRICT_PROTOTYPES = YES;
				CLANG_WARN_SUSPICIOUS_MOVE = YES;
				CLANG_WARN_UNGUARDED_AVAILABILITY = YES_AGGRESSIVE;
				CLANG_WARN_UNREACHABLE_CODE = YES;
				CLANG_WARN__DUPLICATE_METHOD_MATCH = YES;
				COPY_PHASE_STRIP = NO;
				DEBUG_INFORMATION_FORMAT = "dwarf-with-dsym";
				ENABLE_NS_ASSERTIONS = NO;
				ENABLE_STRICT_OBJC_MSGSEND = YES;
				GCC_C_LANGUAGE_STANDARD = gnu11;
				GCC_NO_COMMON_BLOCKS = YES;
				GCC_WARN_64_TO_32_BIT_CONVERSION = YES;
				GCC_WARN_ABOUT_RETURN_TYPE = YES_ERROR;
				GCC_WARN_UNDECLARED_SELECTOR = YES;
				GCC_WARN_UNINITIALIZED_AUTOS = YES_AGGRESSIVE;
				GCC_WARN_UNUSED_FUNCTION = YES;
				GCC_WARN_UNUSED_VARIABLE = YES;
				IPHONEOS_DEPLOYMENT_TARGET = 15.5;
				MTL_ENABLE_DEBUG_INFO = NO;
				MTL_FAST_MATH = YES;
				SDKROOT = iphoneos;
				SWIFT_COMPILATION_MODE = wholemodule;
				SWIFT_OPTIMIZATION_LEVEL = "-O";
				VALIDATE_PRODUCT = YES;
			};
			name = Release;
		};
		ED41C1B828BEC40A004FB468 /* Debug */ = {
			isa = XCBuildConfiguration;
			buildSettings = {
				ASSETCATALOG_COMPILER_APPICON_NAME = AppIcon;
				ASSETCATALOG_COMPILER_GLOBAL_ACCENT_COLOR_NAME = AccentColor;
				CODE_SIGN_STYLE = Automatic;
				CURRENT_PROJECT_VERSION = 1;
				DEVELOPMENT_TEAM = W6HVQ234J3;
				GENERATE_INFOPLIST_FILE = YES;
				INFOPLIST_FILE = MoviesLib/Info.plist;
				INFOPLIST_KEY_UIApplicationSupportsIndirectInputEvents = YES;
				INFOPLIST_KEY_UILaunchStoryboardName = LaunchScreen;
				INFOPLIST_KEY_UIMainStoryboardFile = Main;
				INFOPLIST_KEY_UISupportedInterfaceOrientations_iPad = "UIInterfaceOrientationPortrait UIInterfaceOrientationPortraitUpsideDown UIInterfaceOrientationLandscapeLeft UIInterfaceOrientationLandscapeRight";
				INFOPLIST_KEY_UISupportedInterfaceOrientations_iPhone = "UIInterfaceOrientationPortrait UIInterfaceOrientationLandscapeLeft UIInterfaceOrientationLandscapeRight";
				LD_RUNPATH_SEARCH_PATHS = (
					"$(inherited)",
					"@executable_path/Frameworks",
				);
				MARKETING_VERSION = 1.0;
				PRODUCT_BUNDLE_IDENTIFIER = br.com.fernandocsrmartins.MoviesLib;
				PRODUCT_NAME = "$(TARGET_NAME)";
				SWIFT_EMIT_LOC_STRINGS = YES;
				SWIFT_VERSION = 5.0;
				TARGETED_DEVICE_FAMILY = "1,2";
			};
			name = Debug;
		};
		ED41C1B928BEC40A004FB468 /* Release */ = {
			isa = XCBuildConfiguration;
			buildSettings = {
				ASSETCATALOG_COMPILER_APPICON_NAME = AppIcon;
				ASSETCATALOG_COMPILER_GLOBAL_ACCENT_COLOR_NAME = AccentColor;
				CODE_SIGN_STYLE = Automatic;
				CURRENT_PROJECT_VERSION = 1;
				DEVELOPMENT_TEAM = W6HVQ234J3;
				GENERATE_INFOPLIST_FILE = YES;
				INFOPLIST_FILE = MoviesLib/Info.plist;
				INFOPLIST_KEY_UIApplicationSupportsIndirectInputEvents = YES;
				INFOPLIST_KEY_UILaunchStoryboardName = LaunchScreen;
				INFOPLIST_KEY_UIMainStoryboardFile = Main;
				INFOPLIST_KEY_UISupportedInterfaceOrientations_iPad = "UIInterfaceOrientationPortrait UIInterfaceOrientationPortraitUpsideDown UIInterfaceOrientationLandscapeLeft UIInterfaceOrientationLandscapeRight";
				INFOPLIST_KEY_UISupportedInterfaceOrientations_iPhone = "UIInterfaceOrientationPortrait UIInterfaceOrientationLandscapeLeft UIInterfaceOrientationLandscapeRight";
				LD_RUNPATH_SEARCH_PATHS = (
					"$(inherited)",
					"@executable_path/Frameworks",
				);
				MARKETING_VERSION = 1.0;
				PRODUCT_BUNDLE_IDENTIFIER = br.com.fernandocsrmartins.MoviesLib;
				PRODUCT_NAME = "$(TARGET_NAME)";
				SWIFT_EMIT_LOC_STRINGS = YES;
				SWIFT_VERSION = 5.0;
				TARGETED_DEVICE_FAMILY = "1,2";
			};
			name = Release;
		};
/* End XCBuildConfiguration section */

/* Begin XCConfigurationList section */
		ED41C19E28BEC409004FB468 /* Build configuration list for PBXProject "MoviesLib" */ = {
			isa = XCConfigurationList;
			buildConfigurations = (
				ED41C1B528BEC40A004FB468 /* Debug */,
				ED41C1B628BEC40A004FB468 /* Release */,
			);
			defaultConfigurationIsVisible = 0;
			defaultConfigurationName = Release;
		};
		ED41C1B728BEC40A004FB468 /* Build configuration list for PBXNativeTarget "MoviesLib" */ = {
			isa = XCConfigurationList;
			buildConfigurations = (
				ED41C1B828BEC40A004FB468 /* Debug */,
				ED41C1B928BEC40A004FB468 /* Release */,
			);
			defaultConfigurationIsVisible = 0;
			defaultConfigurationName = Release;
		};
/* End XCConfigurationList section */

/* Begin XCVersionGroup section */
		ED82256628CAAD5000E11E9C /* MoviesLib.xcdatamodeld */ = {
			isa = XCVersionGroup;
			children = (
				ED82256728CAAD5000E11E9C /* MoviesLib.xcdatamodel */,
			);
			currentVersion = ED82256728CAAD5000E11E9C /* MoviesLib.xcdatamodel */;
			path = MoviesLib.xcdatamodeld;
			sourceTree = "<group>";
			versionGroupType = wrapper.xcdatamodel;
		};
/* End XCVersionGroup section */
	};
	rootObject = ED41C19B28BEC409004FB468 /* Project object */;
}
